
Microsoft Visual Studio Solution File, Format Version 12.00
# Visual Studio 15
VisualStudioVersion = 15.0.25807.0
MinimumVisualStudioVersion = 10.0.40219.1
Project("{2150E333-8FDC-42A3-9474-1A3956D46DE8}") = "Engine", "Engine", "{1E2E1B3A-71DD-4B5A-A928-6EBD89818B90}"
EndProject
Project("{2150E333-8FDC-42A3-9474-1A3956D46DE8}") = "Games", "Games", "{54D2136C-ADAE-4014-AB86-1E7528B22444}"
EndProject
Project("{8BC9CEB8-8B4A-11D0-8D11-00A0C91BC942}") = "Liquidators", "Intermediate\ProjectFiles\Liquidators.vcxproj", "{B05F91EF-BC44-4C0F-85E5-D6F076B97589}"
EndProject
Project("{8BC9CEB8-8B4A-11D0-8D11-00A0C91BC942}") = "UE4", "Intermediate\ProjectFiles\UE4.vcxproj", "{98F0018E-AEA4-4853-9ECE-C58D6E1874DB}"
EndProject
Project("{2150E333-8FDC-42A3-9474-1A3956D46DE8}") = "Visualizers", "Visualizers", "{D5A33045-506E-47E5-A11B-B53FC5FD5912}"
	ProjectSection(SolutionItems) = preProject
		..\UE_4.23\Engine\Extras\VisualStudioDebugging\UE4.natvis = ..\UE_4.23\Engine\Extras\VisualStudioDebugging\UE4.natvis
	EndProjectSection
EndProject
Global
	GlobalSection(SolutionConfigurationPlatforms) = preSolution
		DebugGame Editor|HTML5 = DebugGame Editor|HTML5
		DebugGame Editor|Win32 = DebugGame Editor|Win32
		DebugGame Editor|Win64 = DebugGame Editor|Win64
		DebugGame|HTML5 = DebugGame|HTML5
		DebugGame|Win32 = DebugGame|Win32
		DebugGame|Win64 = DebugGame|Win64
		Development Editor|HTML5 = Development Editor|HTML5
		Development Editor|Win32 = Development Editor|Win32
		Development Editor|Win64 = Development Editor|Win64
		Development|HTML5 = Development|HTML5
		Development|Win32 = Development|Win32
		Development|Win64 = Development|Win64
		Shipping|HTML5 = Shipping|HTML5
		Shipping|Win32 = Shipping|Win32
		Shipping|Win64 = Shipping|Win64
	EndGlobalSection
	GlobalSection(ProjectConfigurationPlatforms) = postSolution
		{B05F91EF-BC44-4C0F-85E5-D6F076B97589}.DebugGame Editor|HTML5.ActiveCfg = Invalid|Win32
		{B05F91EF-BC44-4C0F-85E5-D6F076B97589}.DebugGame Editor|Win32.ActiveCfg = Invalid|Win32
		{B05F91EF-BC44-4C0F-85E5-D6F076B97589}.DebugGame Editor|Win64.ActiveCfg = DebugGame_Editor|x64
		{B05F91EF-BC44-4C0F-85E5-D6F076B97589}.DebugGame Editor|Win64.Build.0 = DebugGame_Editor|x64
		{B05F91EF-BC44-4C0F-85E5-D6F076B97589}.DebugGame|HTML5.ActiveCfg = HTML5_DebugGame|Win32
		{B05F91EF-BC44-4C0F-85E5-D6F076B97589}.DebugGame|HTML5.Build.0 = HTML5_DebugGame|Win32
		{B05F91EF-BC44-4C0F-85E5-D6F076B97589}.DebugGame|Win32.ActiveCfg = DebugGame|Win32
		{B05F91EF-BC44-4C0F-85E5-D6F076B97589}.DebugGame|Win32.Build.0 = DebugGame|Win32
		{B05F91EF-BC44-4C0F-85E5-D6F076B97589}.DebugGame|Win64.ActiveCfg = DebugGame|x64
		{B05F91EF-BC44-4C0F-85E5-D6F076B97589}.DebugGame|Win64.Build.0 = DebugGame|x64
		{B05F91EF-BC44-4C0F-85E5-D6F076B97589}.Development Editor|HTML5.ActiveCfg = Invalid|Win32
		{B05F91EF-BC44-4C0F-85E5-D6F076B97589}.Development Editor|Win32.ActiveCfg = Invalid|Win32
		{B05F91EF-BC44-4C0F-85E5-D6F076B97589}.Development Editor|Win64.ActiveCfg = Development_Editor|x64
		{B05F91EF-BC44-4C0F-85E5-D6F076B97589}.Development Editor|Win64.Build.0 = Development_Editor|x64
		{B05F91EF-BC44-4C0F-85E5-D6F076B97589}.Development|HTML5.ActiveCfg = HTML5_Development|Win32
		{B05F91EF-BC44-4C0F-85E5-D6F076B97589}.Development|HTML5.Build.0 = HTML5_Development|Win32
		{B05F91EF-BC44-4C0F-85E5-D6F076B97589}.Development|Win32.ActiveCfg = Development|Win32
		{B05F91EF-BC44-4C0F-85E5-D6F076B97589}.Development|Win32.Build.0 = Development|Win32
		{B05F91EF-BC44-4C0F-85E5-D6F076B97589}.Development|Win64.ActiveCfg = Development|x64
		{B05F91EF-BC44-4C0F-85E5-D6F076B97589}.Development|Win64.Build.0 = Development|x64
		{B05F91EF-BC44-4C0F-85E5-D6F076B97589}.Shipping|HTML5.ActiveCfg = HTML5_Shipping|Win32
		{B05F91EF-BC44-4C0F-85E5-D6F076B97589}.Shipping|HTML5.Build.0 = HTML5_Shipping|Win32
		{B05F91EF-BC44-4C0F-85E5-D6F076B97589}.Shipping|Win32.ActiveCfg = Shipping|Win32
		{B05F91EF-BC44-4C0F-85E5-D6F076B97589}.Shipping|Win32.Build.0 = Shipping|Win32
		{B05F91EF-BC44-4C0F-85E5-D6F076B97589}.Shipping|Win64.ActiveCfg = Shipping|x64
		{B05F91EF-BC44-4C0F-85E5-D6F076B97589}.Shipping|Win64.Build.0 = Shipping|x64
		{98F0018E-AEA4-4853-9ECE-C58D6E1874DB}.DebugGame Editor|HTML5.ActiveCfg = BuiltWithUnrealBuildTool|Win32
		{98F0018E-AEA4-4853-9ECE-C58D6E1874DB}.DebugGame Editor|Win32.ActiveCfg = BuiltWithUnrealBuildTool|Win32
		{98F0018E-AEA4-4853-9ECE-C58D6E1874DB}.DebugGame Editor|Win64.ActiveCfg = BuiltWithUnrealBuildTool|Win32
		{98F0018E-AEA4-4853-9ECE-C58D6E1874DB}.DebugGame|HTML5.ActiveCfg = BuiltWithUnrealBuildTool|Win32
		{98F0018E-AEA4-4853-9ECE-C58D6E1874DB}.DebugGame|Win32.ActiveCfg = BuiltWithUnrealBuildTool|Win32
		{98F0018E-AEA4-4853-9ECE-C58D6E1874DB}.DebugGame|Win64.ActiveCfg = BuiltWithUnrealBuildTool|Win32
		{98F0018E-AEA4-4853-9ECE-C58D6E1874DB}.Development Editor|HTML5.ActiveCfg = BuiltWithUnrealBuildTool|Win32
		{98F0018E-AEA4-4853-9ECE-C58D6E1874DB}.Development Editor|Win32.ActiveCfg = BuiltWithUnrealBuildTool|Win32
		{98F0018E-AEA4-4853-9ECE-C58D6E1874DB}.Development Editor|Win64.ActiveCfg = BuiltWithUnrealBuildTool|Win32
		{98F0018E-AEA4-4853-9ECE-C58D6E1874DB}.Development|HTML5.ActiveCfg = BuiltWithUnrealBuildTool|Win32
		{98F0018E-AEA4-4853-9ECE-C58D6E1874DB}.Development|Win32.ActiveCfg = BuiltWithUnrealBuildTool|Win32
		{98F0018E-AEA4-4853-9ECE-C58D6E1874DB}.Development|Win64.ActiveCfg = BuiltWithUnrealBuildTool|Win32
		{98F0018E-AEA4-4853-9ECE-C58D6E1874DB}.Shipping|HTML5.ActiveCfg = BuiltWithUnrealBuildTool|Win32
		{98F0018E-AEA4-4853-9ECE-C58D6E1874DB}.Shipping|Win32.ActiveCfg = BuiltWithUnrealBuildTool|Win32
		{98F0018E-AEA4-4853-9ECE-C58D6E1874DB}.Shipping|Win64.ActiveCfg = BuiltWithUnrealBuildTool|Win32
	EndGlobalSection
	GlobalSection(SolutionProperties) = preSolution
		HideSolutionNode = FALSE
	EndGlobalSection
	GlobalSection(NestedProjects) = preSolution
		{98F0018E-AEA4-4853-9ECE-C58D6E1874DB} = {1E2E1B3A-71DD-4B5A-A928-6EBD89818B90}
		{B05F91EF-BC44-4C0F-85E5-D6F076B97589} = {54D2136C-ADAE-4014-AB86-1E7528B22444}
	EndGlobalSection
EndGlobal
